
Microsoft Visual Studio Solution File, Format Version 12.00
# Visual Studio Version 17
VisualStudioVersion = 17.11.35327.3
MinimumVisualStudioVersion = 10.0.40219.1
Project("{FAE04EC0-301F-11D3-BF4B-00C04F79EFBC}") = "CadastroCorretora", "CadastroCorretora.csproj", "{D5644F40-D53C-47D6-B52D-93EA7C6A8B31}"
EndProject
Global
	GlobalSection(SolutionConfigurationPlatforms) = preSolution
		Debug|Any CPU = Debug|Any CPU
		Release|Any CPU = Release|Any CPU
	EndGlobalSection
	GlobalSection(ProjectConfigurationPlatforms) = postSolution
		{D5644F40-D53C-47D6-B52D-93EA7C6A8B31}.Debug|Any CPU.ActiveCfg = Debug|Any CPU
		{D5644F40-D53C-47D6-B52D-93EA7C6A8B31}.Debug|Any CPU.Build.0 = Debug|Any CPU
		{D5644F40-D53C-47D6-B52D-93EA7C6A8B31}.Release|Any CPU.ActiveCfg = Release|Any CPU
		{D5644F40-D53C-47D6-B52D-93EA7C6A8B31}.Release|Any CPU.Build.0 = Release|Any CPU
	EndGlobalSection
	GlobalSection(SolutionProperties) = preSolution
		HideSolutionNode = FALSE
	EndGlobalSection
	GlobalSection(ExtensibilityGlobals) = postSolution
		SolutionGuid = {CDB40FFA-0D93-42B8-951C-3114DEA92D60}
	EndGlobalSection
EndGlobal
